
Microsoft Visual Studio Solution File, Format Version 12.00
# Visual Studio Version 17
VisualStudioVersion = 17.1.32414.318
MinimumVisualStudioVersion = 10.0.40219.1
Project("{2150E333-8FDC-42A3-9474-1A3956D46DE8}") = "netcore3", "netcore3", "{04646B3B-9FB9-4512-BDBC-37AB16071789}"
EndProject
Project("{9A19103F-16F7-4668-BE54-9A1E7A4F7556}") = "DevExpress.Mvvm.Wpf.NetCore.Desktop.Free", "DevExpress.Mvvm\DevExpress.Mvvm.Wpf.NetCore.Desktop.Free.csproj", "{7545BCBC-E63B-082A-2109-556174DE4D1A}"
EndProject
Project("{9A19103F-16F7-4668-BE54-9A1E7A4F7556}") = "DevExpress.Mvvm.UI.Wpf.NetCore.Desktop.Free", "DevExpress.Mvvm.UI\DevExpress.Mvvm.UI.Wpf.NetCore.Desktop.Free.csproj", "{8E649F7E-FE4D-4924-BD45-F2B82C4512C3}"
	ProjectSection(ProjectDependencies) = postProject
		{7545BCBC-E63B-082A-2109-556174DE4D1A} = {7545BCBC-E63B-082A-2109-556174DE4D1A}
	EndProjectSection
EndProject
Global
	GlobalSection(SolutionConfigurationPlatforms) = preSolution
		Debug|Any CPU = Debug|Any CPU
		Release|Any CPU = Release|Any CPU
	EndGlobalSection
	GlobalSection(ProjectConfigurationPlatforms) = postSolution
		{7545BCBC-E63B-082A-2109-556174DE4D1A}.Debug|Any CPU.ActiveCfg = Debug|Any CPU
		{7545BCBC-E63B-082A-2109-556174DE4D1A}.Debug|Any CPU.Build.0 = Debug|Any CPU
		{7545BCBC-E63B-082A-2109-556174DE4D1A}.Release|Any CPU.ActiveCfg = Release|Any CPU
		{7545BCBC-E63B-082A-2109-556174DE4D1A}.Release|Any CPU.Build.0 = Release|Any CPU
		{8E649F7E-FE4D-4924-BD45-F2B82C4512C3}.Debug|Any CPU.ActiveCfg = Debug|Any CPU
		{8E649F7E-FE4D-4924-BD45-F2B82C4512C3}.Debug|Any CPU.Build.0 = Debug|Any CPU
		{8E649F7E-FE4D-4924-BD45-F2B82C4512C3}.Release|Any CPU.ActiveCfg = Release|Any CPU
		{8E649F7E-FE4D-4924-BD45-F2B82C4512C3}.Release|Any CPU.Build.0 = Release|Any CPU
	EndGlobalSection
	GlobalSection(SolutionProperties) = preSolution
		HideSolutionNode = FALSE
	EndGlobalSection
	GlobalSection(NestedProjects) = preSolution
		{7545BCBC-E63B-082A-2109-556174DE4D1A} = {04646B3B-9FB9-4512-BDBC-37AB16071789}
		{8E649F7E-FE4D-4924-BD45-F2B82C4512C3} = {04646B3B-9FB9-4512-BDBC-37AB16071789}
	EndGlobalSection
	GlobalSection(ExtensibilityGlobals) = postSolution
		SolutionGuid = {B8689CD8-D217-49BE-A477-2DF3D739198A}
	EndGlobalSection
EndGlobal
